
Microsoft Visual Studio Solution File, Format Version 12.00
# Visual Studio Version 16
VisualStudioVersion = 16.0.30517.126
MinimumVisualStudioVersion = 10.0.40219.1
Project("{9A19103F-16F7-4668-BE54-9A1E7A4F7556}") = "Crawl.WebAPI", "Crawl.WebAPI.csproj", "{E26D0B62-5F82-44AD-859A-767AF671DB8F}"
EndProject
Project("{FAE04EC0-301F-11D3-BF4B-00C04F79EFBC}") = "Crawl.WebAPI.Common", "..\Crawl.WebAPI.Common\Crawl.WebAPI.Common.csproj", "{0252DB79-038A-466A-99E3-1F619BDCB9A6}"
EndProject
Project("{FAE04EC0-301F-11D3-BF4B-00C04F79EFBC}") = "Crawl.WebAPI.DAL", "..\Crawl.WebAPI.DAL\Crawl.WebAPI.DAL.csproj", "{8E3D3269-FD30-4A2E-8EC7-DC6704648481}"
EndProject
Project("{FAE04EC0-301F-11D3-BF4B-00C04F79EFBC}") = "Crawl.WebAPI.Handlers.Command", "..\Crawl.WebAPI.Handlers.Command\Crawl.WebAPI.Handlers.Command.csproj", "{A3E372B1-DC7E-4DCB-A3E9-4A63BB37FCC2}"
EndProject
Project("{FAE04EC0-301F-11D3-BF4B-00C04F79EFBC}") = "Crawl.WebAPI.Handlers.Query", "..\Crawl.WebAPI.Handlers.Query\Crawl.WebAPI.Handlers.Query.csproj", "{0E9721E7-D7FA-44B1-A9B4-9228ADAFE831}"
EndProject
Global
	GlobalSection(SolutionConfigurationPlatforms) = preSolution
		Debug|Any CPU = Debug|Any CPU
		Release|Any CPU = Release|Any CPU
	EndGlobalSection
	GlobalSection(ProjectConfigurationPlatforms) = postSolution
		{E26D0B62-5F82-44AD-859A-767AF671DB8F}.Debug|Any CPU.ActiveCfg = Debug|Any CPU
		{E26D0B62-5F82-44AD-859A-767AF671DB8F}.Debug|Any CPU.Build.0 = Debug|Any CPU
		{E26D0B62-5F82-44AD-859A-767AF671DB8F}.Release|Any CPU.ActiveCfg = Release|Any CPU
		{E26D0B62-5F82-44AD-859A-767AF671DB8F}.Release|Any CPU.Build.0 = Release|Any CPU
		{0252DB79-038A-466A-99E3-1F619BDCB9A6}.Debug|Any CPU.ActiveCfg = Debug|Any CPU
		{0252DB79-038A-466A-99E3-1F619BDCB9A6}.Debug|Any CPU.Build.0 = Debug|Any CPU
		{0252DB79-038A-466A-99E3-1F619BDCB9A6}.Release|Any CPU.ActiveCfg = Release|Any CPU
		{0252DB79-038A-466A-99E3-1F619BDCB9A6}.Release|Any CPU.Build.0 = Release|Any CPU
		{8E3D3269-FD30-4A2E-8EC7-DC6704648481}.Debug|Any CPU.ActiveCfg = Debug|Any CPU
		{8E3D3269-FD30-4A2E-8EC7-DC6704648481}.Debug|Any CPU.Build.0 = Debug|Any CPU
		{8E3D3269-FD30-4A2E-8EC7-DC6704648481}.Release|Any CPU.ActiveCfg = Release|Any CPU
		{8E3D3269-FD30-4A2E-8EC7-DC6704648481}.Release|Any CPU.Build.0 = Release|Any CPU
		{A3E372B1-DC7E-4DCB-A3E9-4A63BB37FCC2}.Debug|Any CPU.ActiveCfg = Debug|Any CPU
		{A3E372B1-DC7E-4DCB-A3E9-4A63BB37FCC2}.Debug|Any CPU.Build.0 = Debug|Any CPU
		{A3E372B1-DC7E-4DCB-A3E9-4A63BB37FCC2}.Release|Any CPU.ActiveCfg = Release|Any CPU
		{A3E372B1-DC7E-4DCB-A3E9-4A63BB37FCC2}.Release|Any CPU.Build.0 = Release|Any CPU
		{0E9721E7-D7FA-44B1-A9B4-9228ADAFE831}.Debug|Any CPU.ActiveCfg = Debug|Any CPU
		{0E9721E7-D7FA-44B1-A9B4-9228ADAFE831}.Debug|Any CPU.Build.0 = Debug|Any CPU
		{0E9721E7-D7FA-44B1-A9B4-9228ADAFE831}.Release|Any CPU.ActiveCfg = Release|Any CPU
		{0E9721E7-D7FA-44B1-A9B4-9228ADAFE831}.Release|Any CPU.Build.0 = Release|Any CPU
	EndGlobalSection
	GlobalSection(SolutionProperties) = preSolution
		HideSolutionNode = FALSE
	EndGlobalSection
	GlobalSection(ExtensibilityGlobals) = postSolution
		SolutionGuid = {8DC42314-631B-4A38-9925-00C3D1CCEE98}
	EndGlobalSection
EndGlobal
